
Microsoft Visual Studio Solution File, Format Version 12.00
# Visual Studio Version 16
VisualStudioVersion = 16.0.31424.327
MinimumVisualStudioVersion = 10.0.40219.1
Project("{FAE04EC0-301F-11D3-BF4B-00C04F79EFBC}") = "EU", "EU\EU.csproj", "{9371650A-D9C0-465F-83C8-5E5CF0EB44BA}"
EndProject
Global
	GlobalSection(SolutionConfigurationPlatforms) = preSolution
		Debug|Any CPU = Debug|Any CPU
		Release|Any CPU = Release|Any CPU
	EndGlobalSection
	GlobalSection(ProjectConfigurationPlatforms) = postSolution
		{9371650A-D9C0-465F-83C8-5E5CF0EB44BA}.Debug|Any CPU.ActiveCfg = Debug|Any CPU
		{9371650A-D9C0-465F-83C8-5E5CF0EB44BA}.Debug|Any CPU.Build.0 = Debug|Any CPU
		{9371650A-D9C0-465F-83C8-5E5CF0EB44BA}.Release|Any CPU.ActiveCfg = Release|Any CPU
		{9371650A-D9C0-465F-83C8-5E5CF0EB44BA}.Release|Any CPU.Build.0 = Release|Any CPU
	EndGlobalSection
	GlobalSection(SolutionProperties) = preSolution
		HideSolutionNode = FALSE
	EndGlobalSection
	GlobalSection(ExtensibilityGlobals) = postSolution
		SolutionGuid = {89514F94-45C9-4E37-B757-D8342A09098A}
	EndGlobalSection
EndGlobal
