
Microsoft Visual Studio Solution File, Format Version 12.00
# Visual Studio Version 16
VisualStudioVersion = 16.0.31424.327
MinimumVisualStudioVersion = 10.0.40219.1
Project("{FAE04EC0-301F-11D3-BF4B-00C04F79EFBC}") = "vb2018", "vb2018\vb2018.csproj", "{227A4C5F-E2AD-483E-A3BE-B181E9775294}"
EndProject
Global
	GlobalSection(SolutionConfigurationPlatforms) = preSolution
		Debug|Any CPU = Debug|Any CPU
		Release|Any CPU = Release|Any CPU
	EndGlobalSection
	GlobalSection(ProjectConfigurationPlatforms) = postSolution
		{227A4C5F-E2AD-483E-A3BE-B181E9775294}.Debug|Any CPU.ActiveCfg = Debug|Any CPU
		{227A4C5F-E2AD-483E-A3BE-B181E9775294}.Debug|Any CPU.Build.0 = Debug|Any CPU
		{227A4C5F-E2AD-483E-A3BE-B181E9775294}.Release|Any CPU.ActiveCfg = Release|Any CPU
		{227A4C5F-E2AD-483E-A3BE-B181E9775294}.Release|Any CPU.Build.0 = Release|Any CPU
	EndGlobalSection
	GlobalSection(SolutionProperties) = preSolution
		HideSolutionNode = FALSE
	EndGlobalSection
	GlobalSection(ExtensibilityGlobals) = postSolution
		SolutionGuid = {154C6B5A-3B00-4149-907A-29551D9E5D3C}
	EndGlobalSection
EndGlobal
