
Microsoft Visual Studio Solution File, Format Version 12.00
# Visual Studio Version 16
VisualStudioVersion = 16.0.31424.327
MinimumVisualStudioVersion = 10.0.40219.1
Project("{FAE04EC0-301F-11D3-BF4B-00C04F79EFBC}") = "AutóVerseny", "AutóVerseny\AutóVerseny.csproj", "{34266F8D-A60D-4FAC-8D06-83860D88B7E2}"
EndProject
Global
	GlobalSection(SolutionConfigurationPlatforms) = preSolution
		Debug|Any CPU = Debug|Any CPU
		Release|Any CPU = Release|Any CPU
	EndGlobalSection
	GlobalSection(ProjectConfigurationPlatforms) = postSolution
		{34266F8D-A60D-4FAC-8D06-83860D88B7E2}.Debug|Any CPU.ActiveCfg = Debug|Any CPU
		{34266F8D-A60D-4FAC-8D06-83860D88B7E2}.Debug|Any CPU.Build.0 = Debug|Any CPU
		{34266F8D-A60D-4FAC-8D06-83860D88B7E2}.Release|Any CPU.ActiveCfg = Release|Any CPU
		{34266F8D-A60D-4FAC-8D06-83860D88B7E2}.Release|Any CPU.Build.0 = Release|Any CPU
	EndGlobalSection
	GlobalSection(SolutionProperties) = preSolution
		HideSolutionNode = FALSE
	EndGlobalSection
	GlobalSection(ExtensibilityGlobals) = postSolution
		SolutionGuid = {AA29E6C5-8E07-451D-9229-1DFD8629AFFE}
	EndGlobalSection
EndGlobal
